<?xml version="1.0" encoding="utf-8"?>
<Project ToolsVersion="4.0" xmlns="http://schemas.microsoft.com/developer/msbuild/2003">
  <ItemGroup>
    <FxCompile Include="ShaderW0.hlsl" />
    <FxCompile Include="UIShader.hlsl" />
  </ItemGroup>
  <ItemGroup>
    <ClCompile Include="main.cpp" />
    <ClCompile Include="URenderer.cpp" />
    <ClCompile Include="ImGui\imgui.cpp">
      <Filter>ImGui</Filter>
    </ClCompile>
    <ClCompile Include="ImGui\imgui_demo.cpp">
      <Filter>ImGui</Filter>
    </ClCompile>
    <ClCompile Include="ImGui\imgui_draw.cpp">
      <Filter>ImGui</Filter>
    </ClCompile>
    <ClCompile Include="ImGui\imgui_impl_dx11.cpp">
      <Filter>ImGui</Filter>
    </ClCompile>
    <ClCompile Include="ImGui\imgui_impl_win32.cpp">
      <Filter>ImGui</Filter>
    </ClCompile>
    <ClCompile Include="ImGui\imgui_tables.cpp">
      <Filter>ImGui</Filter>
    </ClCompile>
    <ClCompile Include="ImGui\imgui_widgets.cpp">
      <Filter>ImGui</Filter>
    </ClCompile>
    <ClCompile Include="UBall.cpp">
      <Filter>Object</Filter>
    </ClCompile>
    <ClCompile Include="UBox.cpp">
      <Filter>Object</Filter>
    </ClCompile>
    <ClCompile Include="UBrick.cpp">
      <Filter>Object</Filter>
    </ClCompile>
    <ClCompile Include="UEnemy.cpp">
      <Filter>Object</Filter>
    </ClCompile>
    <ClCompile Include="UMushroom.cpp">
      <Filter>Object</Filter>
    </ClCompile>
    <ClCompile Include="UPlayer.cpp">
      <Filter>Object</Filter>
    </ClCompile>
    <ClCompile Include="UPrimitive.cpp">
      <Filter>Object</Filter>
    </ClCompile>
    <ClCompile Include="UProjectile.cpp">
      <Filter>Object</Filter>
    </ClCompile>
    <ClCompile Include="ResourceManager.cpp">
      <Filter>Game</Filter>
    </ClCompile>
    <ClCompile Include="UGameLogic.cpp">
      <Filter>Game</Filter>
    </ClCompile>
    <ClCompile Include="UUi.cpp">
      <Filter>Game</Filter>
    </ClCompile>
  </ItemGroup>
  <ItemGroup>
    <ClInclude Include="Cube.h" />
    <ClInclude Include="ImGui\imconfig.h" />
    <ClInclude Include="ImGui\imstb_rectpack.h" />
    <ClInclude Include="ImGui\imstb_textedit.h" />
    <ClInclude Include="ImGui\imstb_truetype.h" />
    <ClInclude Include="Sphere.h" />
    <ClInclude Include="SuperJungleMario.h" />
    <ClInclude Include="URenderer.h" />
    <ClInclude Include="ImGui\imgui.h">
      <Filter>ImGui</Filter>
    </ClInclude>
    <ClInclude Include="ImGui\imgui_impl_dx11.h">
      <Filter>ImGui</Filter>
    </ClInclude>
    <ClInclude Include="ImGui\imgui_impl_win32.h">
      <Filter>ImGui</Filter>
    </ClInclude>
    <ClInclude Include="ImGui\imgui_internal.h">
      <Filter>ImGui</Filter>
    </ClInclude>
    <ClInclude Include="UBall.h">
      <Filter>Object</Filter>
    </ClInclude>
    <ClInclude Include="UBox.h">
      <Filter>Object</Filter>
    </ClInclude>
    <ClInclude Include="UBrick.h">
      <Filter>Object</Filter>
    </ClInclude>
    <ClInclude Include="UCamera.h">
      <Filter>Object</Filter>
    </ClInclude>
    <ClInclude Include="UEnemy.h">
      <Filter>Object</Filter>
    </ClInclude>
    <ClInclude Include="UFlower.h">
      <Filter>Object</Filter>
    </ClInclude>
    <ClInclude Include="UMushroom.h">
      <Filter>Object</Filter>
    </ClInclude>
    <ClInclude Include="UPlayer.h">
      <Filter>Object</Filter>
    </ClInclude>
    <ClInclude Include="UPrimitive.h">
      <Filter>Object</Filter>
    </ClInclude>
    <ClInclude Include="UProjectile.h">
      <Filter>Object</Filter>
    </ClInclude>
    <ClInclude Include="ResourceManager.h">
      <Filter>Game</Filter>
    </ClInclude>
    <ClInclude Include="UGameLogic.h">
      <Filter>Game</Filter>
    </ClInclude>
    <ClInclude Include="UI.h">
      <Filter>Game</Filter>
    </ClInclude>
    <ClInclude Include="UUi.h">
      <Filter>Game</Filter>
    </ClInclude>
  </ItemGroup>
  <ItemGroup>
    <None Include="packages.config" />
  </ItemGroup>
  <ItemGroup>
    <Filter Include="ImGui">
      <UniqueIdentifier>{11496f1c-a98b-439d-b94a-2f5c3125b3a2}</UniqueIdentifier>
    </Filter>
    <Filter Include="Object">
      <UniqueIdentifier>{186552e9-6d15-4ac1-a84b-7225a4918711}</UniqueIdentifier>
    </Filter>
    <Filter Include="Game">
      <UniqueIdentifier>{b282bf19-fae3-4948-bc8d-09e0af822a73}</UniqueIdentifier>
    </Filter>
  </ItemGroup>
</Project>